// !$*UTF8*$!
{
	archiveVersion = 1;
	classes = {
	};
	objectVersion = 46;
	objects = {

/* Begin PBXBuildFile section */
		8F4394F91623782D008296CC /* CS564_BufferManager.1 in CopyFiles */ = {isa = PBXBuildFile; fileRef = 8F4394F81623782D008296CC /* CS564_BufferManager.1 */; };
		8F43951E162378A8008296CC /* buf.C in Sources */ = {isa = PBXBuildFile; fileRef = 8F439513162378A8008296CC /* buf.C */; };
		8F43951F162378A8008296CC /* bufHash.C in Sources */ = {isa = PBXBuildFile; fileRef = 8F439515162378A8008296CC /* bufHash.C */; };
		8F439520162378A8008296CC /* db.C in Sources */ = {isa = PBXBuildFile; fileRef = 8F439516162378A8008296CC /* db.C */; };
		8F439521162378A8008296CC /* error.C in Sources */ = {isa = PBXBuildFile; fileRef = 8F439518162378A8008296CC /* error.C */; };
		8F439522162378A8008296CC /* makefile in Sources */ = {isa = PBXBuildFile; fileRef = 8F43951A162378A8008296CC /* makefile */; };
		8F439523162378A8008296CC /* page.C in Sources */ = {isa = PBXBuildFile; fileRef = 8F43951B162378A8008296CC /* page.C */; };
		8F439524162378A8008296CC /* testbuf.C in Sources */ = {isa = PBXBuildFile; fileRef = 8F43951D162378A8008296CC /* testbuf.C */; };
/* End PBXBuildFile section */

/* Begin PBXCopyFilesBuildPhase section */
		8F4394F01623782C008296CC /* CopyFiles */ = {
			isa = PBXCopyFilesBuildPhase;
			buildActionMask = 2147483647;
			dstPath = /usr/share/man/man1/;
			dstSubfolderSpec = 0;
			files = (
				8F4394F91623782D008296CC /* CS564_BufferManager.1 in CopyFiles */,
			);
			runOnlyForDeploymentPostprocessing = 1;
		};
/* End PBXCopyFilesBuildPhase section */

/* Begin PBXFileReference section */
		8F4394F21623782C008296CC /* CS564-BufferManager */ = {isa = PBXFileReference; explicitFileType = "compiled.mach-o.executable"; includeInIndex = 0; path = "CS564-BufferManager"; sourceTree = BUILT_PRODUCTS_DIR; };
		8F4394F81623782D008296CC /* CS564_BufferManager.1 */ = {isa = PBXFileReference; lastKnownFileType = text.man; path = CS564_BufferManager.1; sourceTree = "<group>"; };
		8F439513162378A8008296CC /* buf.C */ = {isa = PBXFileReference; fileEncoding = 4; lastKnownFileType = sourcecode.cpp.cpp; path = buf.C; sourceTree = "<group>"; };
		8F439514162378A8008296CC /* buf.h */ = {isa = PBXFileReference; fileEncoding = 4; lastKnownFileType = sourcecode.c.h; path = buf.h; sourceTree = "<group>"; };
		8F439515162378A8008296CC /* bufHash.C */ = {isa = PBXFileReference; fileEncoding = 4; lastKnownFileType = sourcecode.cpp.cpp; path = bufHash.C; sourceTree = "<group>"; };
		8F439516162378A8008296CC /* db.C */ = {isa = PBXFileReference; fileEncoding = 4; lastKnownFileType = sourcecode.cpp.cpp; path = db.C; sourceTree = "<group>"; };
		8F439517162378A8008296CC /* db.h */ = {isa = PBXFileReference; fileEncoding = 4; lastKnownFileType = sourcecode.c.h; path = db.h; sourceTree = "<group>"; };
		8F439518162378A8008296CC /* error.C */ = {isa = PBXFileReference; fileEncoding = 4; lastKnownFileType = sourcecode.cpp.cpp; path = error.C; sourceTree = "<group>"; };
		8F439519162378A8008296CC /* error.h */ = {isa = PBXFileReference; fileEncoding = 4; lastKnownFileType = sourcecode.c.h; path = error.h; sourceTree = "<group>"; };
		8F43951A162378A8008296CC /* makefile */ = {isa = PBXFileReference; fileEncoding = 4; lastKnownFileType = sourcecode.make; path = makefile; sourceTree = "<group>"; };
		8F43951B162378A8008296CC /* page.C */ = {isa = PBXFileReference; fileEncoding = 4; lastKnownFileType = sourcecode.cpp.cpp; path = page.C; sourceTree = "<group>"; };
		8F43951C162378A8008296CC /* page.h */ = {isa = PBXFileReference; fileEncoding = 4; lastKnownFileType = sourcecode.c.h; path = page.h; sourceTree = "<group>"; };
		8F43951D162378A8008296CC /* testbuf.C */ = {isa = PBXFileReference; fileEncoding = 4; lastKnownFileType = sourcecode.cpp.cpp; path = testbuf.C; sourceTree = "<group>"; };
/* End PBXFileReference section */

/* Begin PBXFrameworksBuildPhase section */
		8F4394EF1623782C008296CC /* Frameworks */ = {
			isa = PBXFrameworksBuildPhase;
			buildActionMask = 2147483647;
			files = (
			);
			runOnlyForDeploymentPostprocessing = 0;
		};
/* End PBXFrameworksBuildPhase section */

/* Begin PBXGroup section */
		8F4394E71623782C008296CC = {
			isa = PBXGroup;
			children = (
				8F4394F51623782C008296CC /* CS564-BufferManager */,
				8F4394F31623782C008296CC /* Products */,
			);
			sourceTree = "<group>";
		};
		8F4394F31623782C008296CC /* Products */ = {
			isa = PBXGroup;
			children = (
				8F4394F21623782C008296CC /* CS564-BufferManager */,
			);
			name = Products;
			sourceTree = "<group>";
		};
		8F4394F51623782C008296CC /* CS564-BufferManager */ = {
			isa = PBXGroup;
			children = (
				8F439513162378A8008296CC /* buf.C */,
				8F439514162378A8008296CC /* buf.h */,
				8F439515162378A8008296CC /* bufHash.C */,
				8F439516162378A8008296CC /* db.C */,
				8F439517162378A8008296CC /* db.h */,
				8F439518162378A8008296CC /* error.C */,
				8F439519162378A8008296CC /* error.h */,
				8F43951A162378A8008296CC /* makefile */,
				8F43951B162378A8008296CC /* page.C */,
				8F43951C162378A8008296CC /* page.h */,
				8F43951D162378A8008296CC /* testbuf.C */,
				8F4394F81623782D008296CC /* CS564_BufferManager.1 */,
			);
			path = "CS564-BufferManager";
			sourceTree = "<group>";
		};
/* End PBXGroup section */

/* Begin PBXNativeTarget section */
		8F4394F11623782C008296CC /* CS564-BufferManager */ = {
			isa = PBXNativeTarget;
			buildConfigurationList = 8F4394FC1623782D008296CC /* Build configuration list for PBXNativeTarget "CS564-BufferManager" */;
			buildPhases = (
				8F4394EE1623782C008296CC /* Sources */,
				8F4394EF1623782C008296CC /* Frameworks */,
				8F4394F01623782C008296CC /* CopyFiles */,
			);
			buildRules = (
			);
			dependencies = (
			);
			name = "CS564-BufferManager";
			productName = "CS564-BufferManager";
			productReference = 8F4394F21623782C008296CC /* CS564-BufferManager */;
			productType = "com.apple.product-type.tool";
		};
/* End PBXNativeTarget section */

/* Begin PBXProject section */
		8F4394E91623782C008296CC /* Project object */ = {
			isa = PBXProject;
			attributes = {
				LastUpgradeCheck = 0440;
				ORGANIZATIONNAME = "Jerry Hui";
			};
			buildConfigurationList = 8F4394EC1623782C008296CC /* Build configuration list for PBXProject "CS564-BufferManager" */;
			compatibilityVersion = "Xcode 3.2";
			developmentRegion = English;
			hasScannedForEncodings = 0;
			knownRegions = (
				en,
			);
			mainGroup = 8F4394E71623782C008296CC;
			productRefGroup = 8F4394F31623782C008296CC /* Products */;
			projectDirPath = "";
			projectRoot = "";
			targets = (
				8F4394F11623782C008296CC /* CS564-BufferManager */,
			);
		};
/* End PBXProject section */

/* Begin PBXSourcesBuildPhase section */
		8F4394EE1623782C008296CC /* Sources */ = {
			isa = PBXSourcesBuildPhase;
			buildActionMask = 2147483647;
			files = (
				8F43951E162378A8008296CC /* buf.C in Sources */,
				8F43951F162378A8008296CC /* bufHash.C in Sources */,
				8F439520162378A8008296CC /* db.C in Sources */,
				8F439521162378A8008296CC /* error.C in Sources */,
				8F439522162378A8008296CC /* makefile in Sources */,
				8F439523162378A8008296CC /* page.C in Sources */,
				8F439524162378A8008296CC /* testbuf.C in Sources */,
			);
			runOnlyForDeploymentPostprocessing = 0;
		};
/* End PBXSourcesBuildPhase section */

/* Begin XCBuildConfiguration section */
		8F4394FA1623782D008296CC /* Debug */ = {
			isa = XCBuildConfiguration;
			buildSettings = {
				ALWAYS_SEARCH_USER_PATHS = NO;
				ARCHS = "$(ARCHS_STANDARD_64_BIT)";
				CLANG_CXX_LANGUAGE_STANDARD = "gnu++0x";
				CLANG_ENABLE_OBJC_ARC = YES;
				CLANG_WARN__DUPLICATE_METHOD_MATCH = YES;
				COPY_PHASE_STRIP = NO;
				GCC_C_LANGUAGE_STANDARD = gnu99;
				GCC_DYNAMIC_NO_PIC = NO;
				GCC_ENABLE_OBJC_EXCEPTIONS = YES;
				GCC_OPTIMIZATION_LEVEL = 0;
				GCC_PREPROCESSOR_DEFINITIONS = (
					"DEBUG=1",
					"$(inherited)",
				);
				GCC_SYMBOLS_PRIVATE_EXTERN = NO;
				GCC_WARN_64_TO_32_BIT_CONVERSION = YES;
				GCC_WARN_ABOUT_RETURN_TYPE = YES;
				GCC_WARN_UNINITIALIZED_AUTOS = YES;
				GCC_WARN_UNUSED_VARIABLE = YES;
				MACOSX_DEPLOYMENT_TARGET = 10.7;
				ONLY_ACTIVE_ARCH = YES;
				SDKROOT = macosx;
			};
			name = Debug;
		};
		8F4394FB1623782D008296CC /* Release */ = {
			isa = XCBuildConfiguration;
			buildSettings = {
				ALWAYS_SEARCH_USER_PATHS = NO;
				ARCHS = "$(ARCHS_STANDARD_64_BIT)";
				CLANG_CXX_LANGUAGE_STANDARD = "gnu++0x";
				CLANG_ENABLE_OBJC_ARC = YES;
				CLANG_WARN__DUPLICATE_METHOD_MATCH = YES;
				COPY_PHASE_STRIP = YES;
				DEBUG_INFORMATION_FORMAT = "dwarf-with-dsym";
				GCC_C_LANGUAGE_STANDARD = gnu99;
				GCC_ENABLE_OBJC_EXCEPTIONS = YES;
				GCC_WARN_64_TO_32_BIT_CONVERSION = YES;
				GCC_WARN_ABOUT_RETURN_TYPE = YES;
				GCC_WARN_UNINITIALIZED_AUTOS = YES;
				GCC_WARN_UNUSED_VARIABLE = YES;
				MACOSX_DEPLOYMENT_TARGET = 10.7;
				SDKROOT = macosx;
			};
			name = Release;
		};
		8F4394FD1623782D008296CC /* Debug */ = {
			isa = XCBuildConfiguration;
			buildSettings = {
				PRODUCT_NAME = "$(TARGET_NAME)";
			};
			name = Debug;
		};
		8F4394FE1623782D008296CC /* Release */ = {
			isa = XCBuildConfiguration;
			buildSettings = {
				PRODUCT_NAME = "$(TARGET_NAME)";
			};
			name = Release;
		};
/* End XCBuildConfiguration section */

/* Begin XCConfigurationList section */
		8F4394EC1623782C008296CC /* Build configuration list for PBXProject "CS564-BufferManager" */ = {
			isa = XCConfigurationList;
			buildConfigurations = (
				8F4394FA1623782D008296CC /* Debug */,
				8F4394FB1623782D008296CC /* Release */,
			);
			defaultConfigurationIsVisible = 0;
			defaultConfigurationName = Release;
		};
		8F4394FC1623782D008296CC /* Build configuration list for PBXNativeTarget "CS564-BufferManager" */ = {
			isa = XCConfigurationList;
			buildConfigurations = (
				8F4394FD1623782D008296CC /* Debug */,
				8F4394FE1623782D008296CC /* Release */,
			);
			defaultConfigurationIsVisible = 0;
		};
/* End XCConfigurationList section */
	};
	rootObject = 8F4394E91623782C008296CC /* Project object */;
}
